
Microsoft Visual Studio Solution File, Format Version 12.00
# Visual Studio 15
VisualStudioVersion = 15.0.27703.2000
MinimumVisualStudioVersion = 10.0.40219.1
Project("{FAE04EC0-301F-11D3-BF4B-00C04F79EFBC}") = "HR_Desktop", "HR_Desktop\HR_Desktop.csproj", "{73774C27-3D9E-41B6-B07A-0F3CAF204276}"
EndProject
Global
	GlobalSection(SolutionConfigurationPlatforms) = preSolution
		Debug|Any CPU = Debug|Any CPU
		Release|Any CPU = Release|Any CPU
	EndGlobalSection
	GlobalSection(ProjectConfigurationPlatforms) = postSolution
		{73774C27-3D9E-41B6-B07A-0F3CAF204276}.Debug|Any CPU.ActiveCfg = Debug|Any CPU
		{73774C27-3D9E-41B6-B07A-0F3CAF204276}.Debug|Any CPU.Build.0 = Debug|Any CPU
		{73774C27-3D9E-41B6-B07A-0F3CAF204276}.Release|Any CPU.ActiveCfg = Release|Any CPU
		{73774C27-3D9E-41B6-B07A-0F3CAF204276}.Release|Any CPU.Build.0 = Release|Any CPU
	EndGlobalSection
	GlobalSection(SolutionProperties) = preSolution
		HideSolutionNode = FALSE
	EndGlobalSection
	GlobalSection(ExtensibilityGlobals) = postSolution
		SolutionGuid = {413B6DC6-F913-4E41-874A-8CA95DCE4E07}
	EndGlobalSection
EndGlobal
