
Microsoft Visual Studio Solution File, Format Version 12.00
# Visual Studio 14
VisualStudioVersion = 14.0.25420.1
MinimumVisualStudioVersion = 10.0.40219.1
Project("{FAE04EC0-301F-11D3-BF4B-00C04F79EFBC}") = "HR_Desktop", "HR_Desktop\HR_Desktop.csproj", "{63D34F26-BB43-4B60-B09A-0279170D6ED5}"
EndProject
Project("{FAE04EC0-301F-11D3-BF4B-00C04F79EFBC}") = "HR_LIB", "HR_LIB\HR_LIB.csproj", "{AF5A4FF1-B4AF-45FB-8F22-183DCD4CB44F}"
EndProject
Project("{FAE04EC0-301F-11D3-BF4B-00C04F79EFBC}") = "HRWebApplication", "HRWebApplication\HRWebApplication.csproj", "{33EA9CFD-D6EF-4E34-8C50-AEFC49F40CA8}"
	ProjectSection(ProjectDependencies) = postProject
		{AF5A4FF1-B4AF-45FB-8F22-183DCD4CB44F} = {AF5A4FF1-B4AF-45FB-8F22-183DCD4CB44F}
		{23013BFC-021E-426A-8A92-8C1C34836974} = {23013BFC-021E-426A-8A92-8C1C34836974}
	EndProjectSection
EndProject
Project("{FAE04EC0-301F-11D3-BF4B-00C04F79EFBC}") = "LIBUtil", "..\..\LIBUtil\LIBUtil\LIBUtil.csproj", "{23013BFC-021E-426A-8A92-8C1C34836974}"
EndProject
Global
	GlobalSection(SolutionConfigurationPlatforms) = preSolution
		Debug|Any CPU = Debug|Any CPU
		Release|Any CPU = Release|Any CPU
	EndGlobalSection
	GlobalSection(ProjectConfigurationPlatforms) = postSolution
		{63D34F26-BB43-4B60-B09A-0279170D6ED5}.Debug|Any CPU.ActiveCfg = Debug|Any CPU
		{63D34F26-BB43-4B60-B09A-0279170D6ED5}.Debug|Any CPU.Build.0 = Debug|Any CPU
		{63D34F26-BB43-4B60-B09A-0279170D6ED5}.Release|Any CPU.ActiveCfg = Release|Any CPU
		{63D34F26-BB43-4B60-B09A-0279170D6ED5}.Release|Any CPU.Build.0 = Release|Any CPU
		{AF5A4FF1-B4AF-45FB-8F22-183DCD4CB44F}.Debug|Any CPU.ActiveCfg = Debug|Any CPU
		{AF5A4FF1-B4AF-45FB-8F22-183DCD4CB44F}.Debug|Any CPU.Build.0 = Debug|Any CPU
		{AF5A4FF1-B4AF-45FB-8F22-183DCD4CB44F}.Release|Any CPU.ActiveCfg = Release|Any CPU
		{AF5A4FF1-B4AF-45FB-8F22-183DCD4CB44F}.Release|Any CPU.Build.0 = Release|Any CPU
		{33EA9CFD-D6EF-4E34-8C50-AEFC49F40CA8}.Debug|Any CPU.ActiveCfg = Debug|Any CPU
		{33EA9CFD-D6EF-4E34-8C50-AEFC49F40CA8}.Debug|Any CPU.Build.0 = Debug|Any CPU
		{33EA9CFD-D6EF-4E34-8C50-AEFC49F40CA8}.Release|Any CPU.ActiveCfg = Release|Any CPU
		{33EA9CFD-D6EF-4E34-8C50-AEFC49F40CA8}.Release|Any CPU.Build.0 = Release|Any CPU
		{23013BFC-021E-426A-8A92-8C1C34836974}.Debug|Any CPU.ActiveCfg = Debug|Any CPU
		{23013BFC-021E-426A-8A92-8C1C34836974}.Debug|Any CPU.Build.0 = Debug|Any CPU
		{23013BFC-021E-426A-8A92-8C1C34836974}.Release|Any CPU.ActiveCfg = Release|Any CPU
		{23013BFC-021E-426A-8A92-8C1C34836974}.Release|Any CPU.Build.0 = Release|Any CPU
	EndGlobalSection
	GlobalSection(SolutionProperties) = preSolution
		HideSolutionNode = FALSE
	EndGlobalSection
	GlobalSection(ExtensibilityGlobals) = postSolution
		SolutionGuid = {413B6DC6-F913-4E41-874A-8CA95DCE4E07}
	EndGlobalSection
EndGlobal
